<?xml version="1.0" encoding="utf-8"?>
<Project ToolsVersion="4.0" xmlns="http://schemas.microsoft.com/developer/msbuild/2003">
  <ItemGroup>
    <Filter Include="Source Files">
      <UniqueIdentifier>{4FC737F1-C7A5-4376-A066-2A32D752A2FF}</UniqueIdentifier>
      <Extensions>cpp;c;cc;cxx;def;odl;idl;hpj;bat;asm;asmx</Extensions>
    </Filter>
    <Filter Include="Header Files">
      <UniqueIdentifier>{93995380-89BD-4b04-88EB-625FBE52EBFB}</UniqueIdentifier>
      <Extensions>h;hh;hpp;hxx;hm;inl;inc;xsd</Extensions>
    </Filter>
    <Filter Include="Resource Files">
      <UniqueIdentifier>{67DA6AB6-F800-4c08-8B7A-83BB121AAD01}</UniqueIdentifier>
      <Extensions>rc;ico;cur;bmp;dlg;rc2;rct;bin;rgs;gif;jpg;jpeg;jpe;resx;tiff;tif;png;wav;mfcribbon-ms</Extensions>
    </Filter>
    <Filter Include="Header Files\assmbler">
      <UniqueIdentifier>{e2be71f2-d036-4219-914b-7b4efbbaff3f}</UniqueIdentifier>
    </Filter>
    <Filter Include="Header Files\kernel">
      <UniqueIdentifier>{8953be91-d72e-4751-8a58-828e6668448c}</UniqueIdentifier>
    </Filter>
    <Filter Include="Header Files\types">
      <UniqueIdentifier>{41356a4d-ddef-4b65-9117-52445038834d}</UniqueIdentifier>
    </Filter>
  </ItemGroup>
  <ItemGroup>
    <ClInclude Include="built.h">
      <Filter>Header Files</Filter>
    </ClInclude>
    <ClInclude Include="cvm.h">
      <Filter>Header Files</Filter>
    </ClInclude>
    <ClInclude Include="assemble.h">
      <Filter>Header Files\assmbler</Filter>
    </ClInclude>
    <ClInclude Include="calcvm.h">
      <Filter>Header Files\kernel</Filter>
    </ClInclude>
    <ClInclude Include="memorypool.h">
      <Filter>Header Files\kernel</Filter>
    </ClInclude>
    <ClInclude Include="error.h">
      <Filter>Header Files\kernel</Filter>
    </ClInclude>
    <ClInclude Include="instruction.h">
      <Filter>Header Files\types</Filter>
    </ClInclude>
    <ClInclude Include="input.h">
      <Filter>Header Files\types</Filter>
    </ClInclude>
    <ClInclude Include="types.h">
      <Filter>Header Files\types</Filter>
    </ClInclude>
    <ClInclude Include="memory.h">
      <Filter>Header Files\kernel</Filter>
    </ClInclude>
    <ClInclude Include="assemble-util.h">
      <Filter>Header Files\assmbler</Filter>
    </ClInclude>
    <ClInclude Include="assemble_util.h">
      <Filter>Header Files</Filter>
    </ClInclude>
  </ItemGroup>
  <ItemGroup>
    <ClCompile Include="memorypool.cpp">
      <Filter>Source Files</Filter>
    </ClCompile>
    <ClCompile Include="calcvm.cpp">
      <Filter>Source Files</Filter>
    </ClCompile>
    <ClCompile Include="main.cpp">
      <Filter>Source Files</Filter>
    </ClCompile>
    <ClCompile Include="input.cpp">
      <Filter>Source Files</Filter>
    </ClCompile>
    <ClCompile Include="instruction.cpp">
      <Filter>Source Files</Filter>
    </ClCompile>
    <ClCompile Include="assemble.cpp">
      <Filter>Source Files</Filter>
    </ClCompile>
  </ItemGroup>
  <ItemGroup>
    <Natvis Include="MemoryPool.natvis" />
  </ItemGroup>
  <ItemGroup>
    <None Include="Instructions.md">
      <Filter>Resource Files</Filter>
    </None>
    <None Include="test.calca">
      <Filter>Resource Files</Filter>
    </None>
    <None Include="cvm_instruct.xlsx" />
  </ItemGroup>
  <ItemGroup>
    <Text Include="README.md">
      <Filter>Header Files</Filter>
    </Text>
  </ItemGroup>
</Project>